
Microsoft Visual Studio Solution File, Format Version 12.00
# Visual Studio Version 16
VisualStudioVersion = 16.0.31729.503
MinimumVisualStudioVersion = 10.0.40219.1
Project("{FAE04EC0-301F-11D3-BF4B-00C04F79EFBC}") = "ProductReviewManagement", "ProductReviewManagement\ProductReviewManagement.csproj", "{EFF746A7-4426-4C7F-A5B1-910236D7BA8C}"
EndProject
Global
	GlobalSection(SolutionConfigurationPlatforms) = preSolution
		Debug|Any CPU = Debug|Any CPU
		Release|Any CPU = Release|Any CPU
	EndGlobalSection
	GlobalSection(ProjectConfigurationPlatforms) = postSolution
		{EFF746A7-4426-4C7F-A5B1-910236D7BA8C}.Debug|Any CPU.ActiveCfg = Debug|Any CPU
		{EFF746A7-4426-4C7F-A5B1-910236D7BA8C}.Debug|Any CPU.Build.0 = Debug|Any CPU
		{EFF746A7-4426-4C7F-A5B1-910236D7BA8C}.Release|Any CPU.ActiveCfg = Release|Any CPU
		{EFF746A7-4426-4C7F-A5B1-910236D7BA8C}.Release|Any CPU.Build.0 = Release|Any CPU
	EndGlobalSection
	GlobalSection(SolutionProperties) = preSolution
		HideSolutionNode = FALSE
	EndGlobalSection
	GlobalSection(ExtensibilityGlobals) = postSolution
		SolutionGuid = {27054C39-2A43-424E-8BA0-9E539CF6E476}
	EndGlobalSection
EndGlobal
